// !$*UTF8*$!
{
	archiveVersion = 1;
	classes = {
	};
	objectVersion = 46;
	objects = {

/* Begin PBXBuildFile section */
		D8AB61C617330476001FE4F5 /* UIKit.framework in Frameworks */ = {isa = PBXBuildFile; fileRef = D8AB61C517330476001FE4F5 /* UIKit.framework */; };
		D8AB61C817330476001FE4F5 /* Foundation.framework in Frameworks */ = {isa = PBXBuildFile; fileRef = D8AB61C717330476001FE4F5 /* Foundation.framework */; };
		D8AB61CA17330476001FE4F5 /* CoreGraphics.framework in Frameworks */ = {isa = PBXBuildFile; fileRef = D8AB61C917330476001FE4F5 /* CoreGraphics.framework */; };
		D8AB61D017330476001FE4F5 /* InfoPlist.strings in Resources */ = {isa = PBXBuildFile; fileRef = D8AB61CE17330476001FE4F5 /* InfoPlist.strings */; };
		D8AB61D217330476001FE4F5 /* main.m in Sources */ = {isa = PBXBuildFile; fileRef = D8AB61D117330476001FE4F5 /* main.m */; };
		D8AB61D617330476001FE4F5 /* NLAppDelegate.m in Sources */ = {isa = PBXBuildFile; fileRef = D8AB61D517330476001FE4F5 /* NLAppDelegate.m */; };
		D8AB61D817330476001FE4F5 /* Default.png in Resources */ = {isa = PBXBuildFile; fileRef = D8AB61D717330476001FE4F5 /* Default.png */; };
		D8AB61DA17330476001FE4F5 /* Default@2x.png in Resources */ = {isa = PBXBuildFile; fileRef = D8AB61D917330476001FE4F5 /* Default@2x.png */; };
		D8AB61DC17330476001FE4F5 /* Default-568h@2x.png in Resources */ = {isa = PBXBuildFile; fileRef = D8AB61DB17330476001FE4F5 /* Default-568h@2x.png */; };
		D8AB61DF17330476001FE4F5 /* MainStoryboard.storyboard in Resources */ = {isa = PBXBuildFile; fileRef = D8AB61DD17330476001FE4F5 /* MainStoryboard.storyboard */; };
		D8AB61E217330476001FE4F5 /* NLViewController.m in Sources */ = {isa = PBXBuildFile; fileRef = D8AB61E117330476001FE4F5 /* NLViewController.m */; };
		D8AB61EF173438A3001FE4F5 /* colorWheel2.png in Resources */ = {isa = PBXBuildFile; fileRef = D8AB61EE173438A3001FE4F5 /* colorWheel2.png */; };
		D8B1195E17386C7000AB93C7 /* ANImageBitmapRep.m in Sources */ = {isa = PBXBuildFile; fileRef = D8B1193A17386C7000AB93C7 /* ANImageBitmapRep.m */; };
		D8B1195F17386C7000AB93C7 /* BitmapContextRep.m in Sources */ = {isa = PBXBuildFile; fileRef = D8B1193C17386C7000AB93C7 /* BitmapContextRep.m */; };
		D8B1196017386C7000AB93C7 /* NSImage+ANImageBitmapRep.m in Sources */ = {isa = PBXBuildFile; fileRef = D8B1193F17386C7000AB93C7 /* NSImage+ANImageBitmapRep.m */; };
		D8B1196117386C7000AB93C7 /* OSCommonImage.m in Sources */ = {isa = PBXBuildFile; fileRef = D8B1194117386C7000AB93C7 /* OSCommonImage.m */; };
		D8B1196217386C7000AB93C7 /* UIImage+ANImageBitmapRep.m in Sources */ = {isa = PBXBuildFile; fileRef = D8B1194317386C7000AB93C7 /* UIImage+ANImageBitmapRep.m */; };
		D8B1196317386C7000AB93C7 /* CGContextCreator.m in Sources */ = {isa = PBXBuildFile; fileRef = D8B1194617386C7000AB93C7 /* CGContextCreator.m */; };
		D8B1196417386C7000AB93C7 /* CGImageContainer.m in Sources */ = {isa = PBXBuildFile; fileRef = D8B1194817386C7000AB93C7 /* CGImageContainer.m */; };
		D8B1196517386C7000AB93C7 /* BitmapContextManipulator.m in Sources */ = {isa = PBXBuildFile; fileRef = D8B1194B17386C7000AB93C7 /* BitmapContextManipulator.m */; };
		D8B1196617386C7000AB93C7 /* BitmapCropManipulator.m in Sources */ = {isa = PBXBuildFile; fileRef = D8B1194D17386C7000AB93C7 /* BitmapCropManipulator.m */; };
		D8B1196717386C7000AB93C7 /* BitmapDrawManipulator.m in Sources */ = {isa = PBXBuildFile; fileRef = D8B1194F17386C7000AB93C7 /* BitmapDrawManipulator.m */; };
		D8B1196817386C7000AB93C7 /* BitmapRotationManipulator.m in Sources */ = {isa = PBXBuildFile; fileRef = D8B1195117386C7000AB93C7 /* BitmapRotationManipulator.m */; };
		D8B1196917386C7000AB93C7 /* BitmapScaleManipulator.m in Sources */ = {isa = PBXBuildFile; fileRef = D8B1195317386C7000AB93C7 /* BitmapScaleManipulator.m */; };
		D8B1196A17386C7000AB93C7 /* BGRSLoupeLayer.m in Sources */ = {isa = PBXBuildFile; fileRef = D8B1195517386C7000AB93C7 /* BGRSLoupeLayer.m */; };
		D8B1196B17386C7000AB93C7 /* RSBrightnessSlider.m in Sources */ = {isa = PBXBuildFile; fileRef = D8B1195717386C7000AB93C7 /* RSBrightnessSlider.m */; };
		D8B1196C17386C7000AB93C7 /* RSColorFunctions.m in Sources */ = {isa = PBXBuildFile; fileRef = D8B1195917386C7000AB93C7 /* RSColorFunctions.m */; };
		D8B1196D17386C7000AB93C7 /* RSColorPickerView.m in Sources */ = {isa = PBXBuildFile; fileRef = D8B1195B17386C7000AB93C7 /* RSColorPickerView.m */; };
		D8B1196E17386C7000AB93C7 /* RSSelectionView.m in Sources */ = {isa = PBXBuildFile; fileRef = D8B1195D17386C7000AB93C7 /* RSSelectionView.m */; };
		D8B1197017386C8800AB93C7 /* QuartzCore.framework in Frameworks */ = {isa = PBXBuildFile; fileRef = D8B1196F17386C8800AB93C7 /* QuartzCore.framework */; };
		D8B11A4F1738761300AB93C7 /* NLManipulateColorViewController.m in Sources */ = {isa = PBXBuildFile; fileRef = D8B11A4E1738761300AB93C7 /* NLManipulateColorViewController.m */; };
		D8D30D971740401C00C1460F /* NLPolishInfoViewController.m in Sources */ = {isa = PBXBuildFile; fileRef = D8D30D961740401C00C1460F /* NLPolishInfoViewController.m */; };
		D8DF26A2173EEBAD00EC9936 /* NLNailPolish.m in Sources */ = {isa = PBXBuildFile; fileRef = D8DF26A1173EEBAD00EC9936 /* NLNailPolish.m */; };
/* End PBXBuildFile section */

/* Begin PBXFileReference section */
		D8AB61C217330476001FE4F5 /* colorMatch.app */ = {isa = PBXFileReference; explicitFileType = wrapper.application; includeInIndex = 0; path = colorMatch.app; sourceTree = BUILT_PRODUCTS_DIR; };
		D8AB61C517330476001FE4F5 /* UIKit.framework */ = {isa = PBXFileReference; lastKnownFileType = wrapper.framework; name = UIKit.framework; path = System/Library/Frameworks/UIKit.framework; sourceTree = SDKROOT; };
		D8AB61C717330476001FE4F5 /* Foundation.framework */ = {isa = PBXFileReference; lastKnownFileType = wrapper.framework; name = Foundation.framework; path = System/Library/Frameworks/Foundation.framework; sourceTree = SDKROOT; };
		D8AB61C917330476001FE4F5 /* CoreGraphics.framework */ = {isa = PBXFileReference; lastKnownFileType = wrapper.framework; name = CoreGraphics.framework; path = System/Library/Frameworks/CoreGraphics.framework; sourceTree = SDKROOT; };
		D8AB61CD17330476001FE4F5 /* colorMatch-Info.plist */ = {isa = PBXFileReference; lastKnownFileType = text.plist.xml; path = "colorMatch-Info.plist"; sourceTree = "<group>"; };
		D8AB61CF17330476001FE4F5 /* en */ = {isa = PBXFileReference; lastKnownFileType = text.plist.strings; name = en; path = en.lproj/InfoPlist.strings; sourceTree = "<group>"; };
		D8AB61D117330476001FE4F5 /* main.m */ = {isa = PBXFileReference; lastKnownFileType = sourcecode.c.objc; path = main.m; sourceTree = "<group>"; };
		D8AB61D317330476001FE4F5 /* colorMatch-Prefix.pch */ = {isa = PBXFileReference; lastKnownFileType = sourcecode.c.h; path = "colorMatch-Prefix.pch"; sourceTree = "<group>"; };
		D8AB61D417330476001FE4F5 /* NLAppDelegate.h */ = {isa = PBXFileReference; lastKnownFileType = sourcecode.c.h; path = NLAppDelegate.h; sourceTree = "<group>"; };
		D8AB61D517330476001FE4F5 /* NLAppDelegate.m */ = {isa = PBXFileReference; lastKnownFileType = sourcecode.c.objc; path = NLAppDelegate.m; sourceTree = "<group>"; };
		D8AB61D717330476001FE4F5 /* Default.png */ = {isa = PBXFileReference; lastKnownFileType = image.png; path = Default.png; sourceTree = "<group>"; };
		D8AB61D917330476001FE4F5 /* Default@2x.png */ = {isa = PBXFileReference; lastKnownFileType = image.png; path = "Default@2x.png"; sourceTree = "<group>"; };
		D8AB61DB17330476001FE4F5 /* Default-568h@2x.png */ = {isa = PBXFileReference; lastKnownFileType = image.png; path = "Default-568h@2x.png"; sourceTree = "<group>"; };
		D8AB61DE17330476001FE4F5 /* en */ = {isa = PBXFileReference; lastKnownFileType = file.storyboard; name = en; path = en.lproj/MainStoryboard.storyboard; sourceTree = "<group>"; };
		D8AB61E017330476001FE4F5 /* NLViewController.h */ = {isa = PBXFileReference; lastKnownFileType = sourcecode.c.h; path = NLViewController.h; sourceTree = "<group>"; };
		D8AB61E117330476001FE4F5 /* NLViewController.m */ = {isa = PBXFileReference; lastKnownFileType = sourcecode.c.objc; path = NLViewController.m; sourceTree = "<group>"; };
		D8AB61EE173438A3001FE4F5 /* colorWheel2.png */ = {isa = PBXFileReference; lastKnownFileType = image.png; name = colorWheel2.png; path = ../colorWheel2.png; sourceTree = "<group>"; };
		D8B1193917386C7000AB93C7 /* ANImageBitmapRep.h */ = {isa = PBXFileReference; fileEncoding = 4; lastKnownFileType = sourcecode.c.h; path = ANImageBitmapRep.h; sourceTree = "<group>"; };
		D8B1193A17386C7000AB93C7 /* ANImageBitmapRep.m */ = {isa = PBXFileReference; fileEncoding = 4; lastKnownFileType = sourcecode.c.objc; path = ANImageBitmapRep.m; sourceTree = "<group>"; };
		D8B1193B17386C7000AB93C7 /* BitmapContextRep.h */ = {isa = PBXFileReference; fileEncoding = 4; lastKnownFileType = sourcecode.c.h; path = BitmapContextRep.h; sourceTree = "<group>"; };
		D8B1193C17386C7000AB93C7 /* BitmapContextRep.m */ = {isa = PBXFileReference; fileEncoding = 4; lastKnownFileType = sourcecode.c.objc; path = BitmapContextRep.m; sourceTree = "<group>"; };
		D8B1193E17386C7000AB93C7 /* NSImage+ANImageBitmapRep.h */ = {isa = PBXFileReference; fileEncoding = 4; lastKnownFileType = sourcecode.c.h; path = "NSImage+ANImageBitmapRep.h"; sourceTree = "<group>"; };
		D8B1193F17386C7000AB93C7 /* NSImage+ANImageBitmapRep.m */ = {isa = PBXFileReference; fileEncoding = 4; lastKnownFileType = sourcecode.c.objc; path = "NSImage+ANImageBitmapRep.m"; sourceTree = "<group>"; };
		D8B1194017386C7000AB93C7 /* OSCommonImage.h */ = {isa = PBXFileReference; fileEncoding = 4; lastKnownFileType = sourcecode.c.h; path = OSCommonImage.h; sourceTree = "<group>"; };
		D8B1194117386C7000AB93C7 /* OSCommonImage.m */ = {isa = PBXFileReference; fileEncoding = 4; lastKnownFileType = sourcecode.c.objc; path = OSCommonImage.m; sourceTree = "<group>"; };
		D8B1194217386C7000AB93C7 /* UIImage+ANImageBitmapRep.h */ = {isa = PBXFileReference; fileEncoding = 4; lastKnownFileType = sourcecode.c.h; path = "UIImage+ANImageBitmapRep.h"; sourceTree = "<group>"; };
		D8B1194317386C7000AB93C7 /* UIImage+ANImageBitmapRep.m */ = {isa = PBXFileReference; fileEncoding = 4; lastKnownFileType = sourcecode.c.objc; path = "UIImage+ANImageBitmapRep.m"; sourceTree = "<group>"; };
		D8B1194517386C7000AB93C7 /* CGContextCreator.h */ = {isa = PBXFileReference; fileEncoding = 4; lastKnownFileType = sourcecode.c.h; path = CGContextCreator.h; sourceTree = "<group>"; };
		D8B1194617386C7000AB93C7 /* CGContextCreator.m */ = {isa = PBXFileReference; fileEncoding = 4; lastKnownFileType = sourcecode.c.objc; path = CGContextCreator.m; sourceTree = "<group>"; };
		D8B1194717386C7000AB93C7 /* CGImageContainer.h */ = {isa = PBXFileReference; fileEncoding = 4; lastKnownFileType = sourcecode.c.h; path = CGImageContainer.h; sourceTree = "<group>"; };
		D8B1194817386C7000AB93C7 /* CGImageContainer.m */ = {isa = PBXFileReference; fileEncoding = 4; lastKnownFileType = sourcecode.c.objc; path = CGImageContainer.m; sourceTree = "<group>"; };
		D8B1194A17386C7000AB93C7 /* BitmapContextManipulator.h */ = {isa = PBXFileReference; fileEncoding = 4; lastKnownFileType = sourcecode.c.h; path = BitmapContextManipulator.h; sourceTree = "<group>"; };
		D8B1194B17386C7000AB93C7 /* BitmapContextManipulator.m */ = {isa = PBXFileReference; fileEncoding = 4; lastKnownFileType = sourcecode.c.objc; path = BitmapContextManipulator.m; sourceTree = "<group>"; };
		D8B1194C17386C7000AB93C7 /* BitmapCropManipulator.h */ = {isa = PBXFileReference; fileEncoding = 4; lastKnownFileType = sourcecode.c.h; path = BitmapCropManipulator.h; sourceTree = "<group>"; };
		D8B1194D17386C7000AB93C7 /* BitmapCropManipulator.m */ = {isa = PBXFileReference; fileEncoding = 4; lastKnownFileType = sourcecode.c.objc; path = BitmapCropManipulator.m; sourceTree = "<group>"; };
		D8B1194E17386C7000AB93C7 /* BitmapDrawManipulator.h */ = {isa = PBXFileReference; fileEncoding = 4; lastKnownFileType = sourcecode.c.h; path = BitmapDrawManipulator.h; sourceTree = "<group>"; };
		D8B1194F17386C7000AB93C7 /* BitmapDrawManipulator.m */ = {isa = PBXFileReference; fileEncoding = 4; lastKnownFileType = sourcecode.c.objc; path = BitmapDrawManipulator.m; sourceTree = "<group>"; };
		D8B1195017386C7000AB93C7 /* BitmapRotationManipulator.h */ = {isa = PBXFileReference; fileEncoding = 4; lastKnownFileType = sourcecode.c.h; path = BitmapRotationManipulator.h; sourceTree = "<group>"; };
		D8B1195117386C7000AB93C7 /* BitmapRotationManipulator.m */ = {isa = PBXFileReference; fileEncoding = 4; lastKnownFileType = sourcecode.c.objc; path = BitmapRotationManipulator.m; sourceTree = "<group>"; };
		D8B1195217386C7000AB93C7 /* BitmapScaleManipulator.h */ = {isa = PBXFileReference; fileEncoding = 4; lastKnownFileType = sourcecode.c.h; path = BitmapScaleManipulator.h; sourceTree = "<group>"; };
		D8B1195317386C7000AB93C7 /* BitmapScaleManipulator.m */ = {isa = PBXFileReference; fileEncoding = 4; lastKnownFileType = sourcecode.c.objc; path = BitmapScaleManipulator.m; sourceTree = "<group>"; };
		D8B1195417386C7000AB93C7 /* BGRSLoupeLayer.h */ = {isa = PBXFileReference; fileEncoding = 4; lastKnownFileType = sourcecode.c.h; path = BGRSLoupeLayer.h; sourceTree = "<group>"; };
		D8B1195517386C7000AB93C7 /* BGRSLoupeLayer.m */ = {isa = PBXFileReference; fileEncoding = 4; lastKnownFileType = sourcecode.c.objc; path = BGRSLoupeLayer.m; sourceTree = "<group>"; };
		D8B1195617386C7000AB93C7 /* RSBrightnessSlider.h */ = {isa = PBXFileReference; fileEncoding = 4; lastKnownFileType = sourcecode.c.h; path = RSBrightnessSlider.h; sourceTree = "<group>"; };
		D8B1195717386C7000AB93C7 /* RSBrightnessSlider.m */ = {isa = PBXFileReference; fileEncoding = 4; lastKnownFileType = sourcecode.c.objc; path = RSBrightnessSlider.m; sourceTree = "<group>"; };
		D8B1195817386C7000AB93C7 /* RSColorFunctions.h */ = {isa = PBXFileReference; fileEncoding = 4; lastKnownFileType = sourcecode.c.h; path = RSColorFunctions.h; sourceTree = "<group>"; };
		D8B1195917386C7000AB93C7 /* RSColorFunctions.m */ = {isa = PBXFileReference; fileEncoding = 4; lastKnownFileType = sourcecode.c.objc; path = RSColorFunctions.m; sourceTree = "<group>"; };
		D8B1195A17386C7000AB93C7 /* RSColorPickerView.h */ = {isa = PBXFileReference; fileEncoding = 4; lastKnownFileType = sourcecode.c.h; path = RSColorPickerView.h; sourceTree = "<group>"; };
		D8B1195B17386C7000AB93C7 /* RSColorPickerView.m */ = {isa = PBXFileReference; fileEncoding = 4; lastKnownFileType = sourcecode.c.objc; path = RSColorPickerView.m; sourceTree = "<group>"; };
		D8B1195C17386C7000AB93C7 /* RSSelectionView.h */ = {isa = PBXFileReference; fileEncoding = 4; lastKnownFileType = sourcecode.c.h; path = RSSelectionView.h; sourceTree = "<group>"; };
		D8B1195D17386C7000AB93C7 /* RSSelectionView.m */ = {isa = PBXFileReference; fileEncoding = 4; lastKnownFileType = sourcecode.c.objc; path = RSSelectionView.m; sourceTree = "<group>"; };
		D8B1196F17386C8800AB93C7 /* QuartzCore.framework */ = {isa = PBXFileReference; lastKnownFileType = wrapper.framework; name = QuartzCore.framework; path = System/Library/Frameworks/QuartzCore.framework; sourceTree = SDKROOT; };
		D8B11A4D1738761300AB93C7 /* NLManipulateColorViewController.h */ = {isa = PBXFileReference; fileEncoding = 4; lastKnownFileType = sourcecode.c.h; name = NLManipulateColorViewController.h; path = ../ColorPickerClasses/NLManipulateColorViewController.h; sourceTree = "<group>"; };
		D8B11A4E1738761300AB93C7 /* NLManipulateColorViewController.m */ = {isa = PBXFileReference; fileEncoding = 4; lastKnownFileType = sourcecode.c.objc; name = NLManipulateColorViewController.m; path = ../ColorPickerClasses/NLManipulateColorViewController.m; sourceTree = "<group>"; };
		D8D30D951740401C00C1460F /* NLPolishInfoViewController.h */ = {isa = PBXFileReference; fileEncoding = 4; lastKnownFileType = sourcecode.c.h; path = NLPolishInfoViewController.h; sourceTree = "<group>"; };
		D8D30D961740401C00C1460F /* NLPolishInfoViewController.m */ = {isa = PBXFileReference; fileEncoding = 4; lastKnownFileType = sourcecode.c.objc; path = NLPolishInfoViewController.m; sourceTree = "<group>"; };
		D8DF26A0173EEBAD00EC9936 /* NLNailPolish.h */ = {isa = PBXFileReference; fileEncoding = 4; lastKnownFileType = sourcecode.c.h; path = NLNailPolish.h; sourceTree = "<group>"; };
		D8DF26A1173EEBAD00EC9936 /* NLNailPolish.m */ = {isa = PBXFileReference; fileEncoding = 4; lastKnownFileType = sourcecode.c.objc; path = NLNailPolish.m; sourceTree = "<group>"; };
/* End PBXFileReference section */

/* Begin PBXFrameworksBuildPhase section */
		D8AB61BF17330476001FE4F5 /* Frameworks */ = {
			isa = PBXFrameworksBuildPhase;
			buildActionMask = 2147483647;
			files = (
				D8B1197017386C8800AB93C7 /* QuartzCore.framework in Frameworks */,
				D8AB61C617330476001FE4F5 /* UIKit.framework in Frameworks */,
				D8AB61C817330476001FE4F5 /* Foundation.framework in Frameworks */,
				D8AB61CA17330476001FE4F5 /* CoreGraphics.framework in Frameworks */,
			);
			runOnlyForDeploymentPostprocessing = 0;
		};
/* End PBXFrameworksBuildPhase section */

/* Begin PBXGroup section */
		D8AB61B917330476001FE4F5 = {
			isa = PBXGroup;
			children = (
				D8AB61CB17330476001FE4F5 /* colorMatch */,
				D8AB61C417330476001FE4F5 /* Frameworks */,
				D8AB61C317330476001FE4F5 /* Products */,
			);
			sourceTree = "<group>";
		};
		D8AB61C317330476001FE4F5 /* Products */ = {
			isa = PBXGroup;
			children = (
				D8AB61C217330476001FE4F5 /* colorMatch.app */,
			);
			name = Products;
			sourceTree = "<group>";
		};
		D8AB61C417330476001FE4F5 /* Frameworks */ = {
			isa = PBXGroup;
			children = (
				D8B1196F17386C8800AB93C7 /* QuartzCore.framework */,
				D8AB61C517330476001FE4F5 /* UIKit.framework */,
				D8AB61C717330476001FE4F5 /* Foundation.framework */,
				D8AB61C917330476001FE4F5 /* CoreGraphics.framework */,
			);
			name = Frameworks;
			sourceTree = "<group>";
		};
		D8AB61CB17330476001FE4F5 /* colorMatch */ = {
			isa = PBXGroup;
			children = (
				D8AB61D417330476001FE4F5 /* NLAppDelegate.h */,
				D8AB61D517330476001FE4F5 /* NLAppDelegate.m */,
				D8AB61DD17330476001FE4F5 /* MainStoryboard.storyboard */,
				D8DF26A4173EEBC300EC9936 /* Models */,
				D8DF26A3173EEBB800EC9936 /* View Controller */,
				D8B1193717386C7000AB93C7 /* ColorPickerClasses */,
				D8AB61CC17330476001FE4F5 /* Supporting Files */,
			);
			path = colorMatch;
			sourceTree = "<group>";
		};
		D8AB61CC17330476001FE4F5 /* Supporting Files */ = {
			isa = PBXGroup;
			children = (
				D8AB61EE173438A3001FE4F5 /* colorWheel2.png */,
				D8AB61CD17330476001FE4F5 /* colorMatch-Info.plist */,
				D8AB61CE17330476001FE4F5 /* InfoPlist.strings */,
				D8AB61D117330476001FE4F5 /* main.m */,
				D8AB61D317330476001FE4F5 /* colorMatch-Prefix.pch */,
				D8AB61D717330476001FE4F5 /* Default.png */,
				D8AB61D917330476001FE4F5 /* Default@2x.png */,
				D8AB61DB17330476001FE4F5 /* Default-568h@2x.png */,
			);
			name = "Supporting Files";
			sourceTree = "<group>";
		};
		D8B1193717386C7000AB93C7 /* ColorPickerClasses */ = {
			isa = PBXGroup;
			children = (
				D8B1193817386C7000AB93C7 /* ANImageBitmapRep */,
				D8B1195417386C7000AB93C7 /* BGRSLoupeLayer.h */,
				D8B1195517386C7000AB93C7 /* BGRSLoupeLayer.m */,
				D8B1195617386C7000AB93C7 /* RSBrightnessSlider.h */,
				D8B1195717386C7000AB93C7 /* RSBrightnessSlider.m */,
				D8B1195817386C7000AB93C7 /* RSColorFunctions.h */,
				D8B1195917386C7000AB93C7 /* RSColorFunctions.m */,
				D8B1195A17386C7000AB93C7 /* RSColorPickerView.h */,
				D8B1195B17386C7000AB93C7 /* RSColorPickerView.m */,
				D8B1195C17386C7000AB93C7 /* RSSelectionView.h */,
				D8B1195D17386C7000AB93C7 /* RSSelectionView.m */,
			);
			name = ColorPickerClasses;
			path = ../ColorPickerClasses;
			sourceTree = "<group>";
		};
		D8B1193817386C7000AB93C7 /* ANImageBitmapRep */ = {
			isa = PBXGroup;
			children = (
				D8B1193917386C7000AB93C7 /* ANImageBitmapRep.h */,
				D8B1193A17386C7000AB93C7 /* ANImageBitmapRep.m */,
				D8B1193B17386C7000AB93C7 /* BitmapContextRep.h */,
				D8B1193C17386C7000AB93C7 /* BitmapContextRep.m */,
				D8B1193D17386C7000AB93C7 /* Compatibility */,
				D8B1194417386C7000AB93C7 /* CoreGraphics */,
				D8B1194917386C7000AB93C7 /* Manipulators */,
			);
			path = ANImageBitmapRep;
			sourceTree = "<group>";
		};
		D8B1193D17386C7000AB93C7 /* Compatibility */ = {
			isa = PBXGroup;
			children = (
				D8B1193E17386C7000AB93C7 /* NSImage+ANImageBitmapRep.h */,
				D8B1193F17386C7000AB93C7 /* NSImage+ANImageBitmapRep.m */,
				D8B1194017386C7000AB93C7 /* OSCommonImage.h */,
				D8B1194117386C7000AB93C7 /* OSCommonImage.m */,
				D8B1194217386C7000AB93C7 /* UIImage+ANImageBitmapRep.h */,
				D8B1194317386C7000AB93C7 /* UIImage+ANImageBitmapRep.m */,
			);
			path = Compatibility;
			sourceTree = "<group>";
		};
		D8B1194417386C7000AB93C7 /* CoreGraphics */ = {
			isa = PBXGroup;
			children = (
				D8B1194517386C7000AB93C7 /* CGContextCreator.h */,
				D8B1194617386C7000AB93C7 /* CGContextCreator.m */,
				D8B1194717386C7000AB93C7 /* CGImageContainer.h */,
				D8B1194817386C7000AB93C7 /* CGImageContainer.m */,
			);
			path = CoreGraphics;
			sourceTree = "<group>";
		};
		D8B1194917386C7000AB93C7 /* Manipulators */ = {
			isa = PBXGroup;
			children = (
				D8B1194A17386C7000AB93C7 /* BitmapContextManipulator.h */,
				D8B1194B17386C7000AB93C7 /* BitmapContextManipulator.m */,
				D8B1194C17386C7000AB93C7 /* BitmapCropManipulator.h */,
				D8B1194D17386C7000AB93C7 /* BitmapCropManipulator.m */,
				D8B1194E17386C7000AB93C7 /* BitmapDrawManipulator.h */,
				D8B1194F17386C7000AB93C7 /* BitmapDrawManipulator.m */,
				D8B1195017386C7000AB93C7 /* BitmapRotationManipulator.h */,
				D8B1195117386C7000AB93C7 /* BitmapRotationManipulator.m */,
				D8B1195217386C7000AB93C7 /* BitmapScaleManipulator.h */,
				D8B1195317386C7000AB93C7 /* BitmapScaleManipulator.m */,
			);
			path = Manipulators;
			sourceTree = "<group>";
		};
		D8DF26A3173EEBB800EC9936 /* View Controller */ = {
			isa = PBXGroup;
			children = (
				D8D30D951740401C00C1460F /* NLPolishInfoViewController.h */,
				D8D30D961740401C00C1460F /* NLPolishInfoViewController.m */,
				D8B11A4D1738761300AB93C7 /* NLManipulateColorViewController.h */,
				D8B11A4E1738761300AB93C7 /* NLManipulateColorViewController.m */,
				D8AB61E017330476001FE4F5 /* NLViewController.h */,
				D8AB61E117330476001FE4F5 /* NLViewController.m */,
			);
			name = "View Controller";
			sourceTree = "<group>";
		};
		D8DF26A4173EEBC300EC9936 /* Models */ = {
			isa = PBXGroup;
			children = (
				D8DF26A0173EEBAD00EC9936 /* NLNailPolish.h */,
				D8DF26A1173EEBAD00EC9936 /* NLNailPolish.m */,
			);
			name = Models;
			sourceTree = "<group>";
		};
/* End PBXGroup section */

/* Begin PBXNativeTarget section */
		D8AB61C117330476001FE4F5 /* colorMatch */ = {
			isa = PBXNativeTarget;
			buildConfigurationList = D8AB61E517330476001FE4F5 /* Build configuration list for PBXNativeTarget "colorMatch" */;
			buildPhases = (
				D8AB61BE17330476001FE4F5 /* Sources */,
				D8AB61BF17330476001FE4F5 /* Frameworks */,
				D8AB61C017330476001FE4F5 /* Resources */,
			);
			buildRules = (
			);
			dependencies = (
			);
			name = colorMatch;
			productName = colorMatch;
			productReference = D8AB61C217330476001FE4F5 /* colorMatch.app */;
			productType = "com.apple.product-type.application";
		};
/* End PBXNativeTarget section */

/* Begin PBXProject section */
		D8AB61BA17330476001FE4F5 /* Project object */ = {
			isa = PBXProject;
			attributes = {
				CLASSPREFIX = NL;
				LastUpgradeCheck = 0460;
				ORGANIZATIONNAME = BankBox;
			};
			buildConfigurationList = D8AB61BD17330476001FE4F5 /* Build configuration list for PBXProject "colorMatch" */;
			compatibilityVersion = "Xcode 3.2";
			developmentRegion = English;
			hasScannedForEncodings = 0;
			knownRegions = (
				en,
			);
			mainGroup = D8AB61B917330476001FE4F5;
			productRefGroup = D8AB61C317330476001FE4F5 /* Products */;
			projectDirPath = "";
			projectRoot = "";
			targets = (
				D8AB61C117330476001FE4F5 /* colorMatch */,
			);
		};
/* End PBXProject section */

/* Begin PBXResourcesBuildPhase section */
		D8AB61C017330476001FE4F5 /* Resources */ = {
			isa = PBXResourcesBuildPhase;
			buildActionMask = 2147483647;
			files = (
				D8AB61D017330476001FE4F5 /* InfoPlist.strings in Resources */,
				D8AB61D817330476001FE4F5 /* Default.png in Resources */,
				D8AB61DA17330476001FE4F5 /* Default@2x.png in Resources */,
				D8AB61DC17330476001FE4F5 /* Default-568h@2x.png in Resources */,
				D8AB61DF17330476001FE4F5 /* MainStoryboard.storyboard in Resources */,
				D8AB61EF173438A3001FE4F5 /* colorWheel2.png in Resources */,
			);
			runOnlyForDeploymentPostprocessing = 0;
		};
/* End PBXResourcesBuildPhase section */

/* Begin PBXSourcesBuildPhase section */
		D8AB61BE17330476001FE4F5 /* Sources */ = {
			isa = PBXSourcesBuildPhase;
			buildActionMask = 2147483647;
			files = (
				D8AB61D217330476001FE4F5 /* main.m in Sources */,
				D8AB61D617330476001FE4F5 /* NLAppDelegate.m in Sources */,
				D8AB61E217330476001FE4F5 /* NLViewController.m in Sources */,
				D8B1195E17386C7000AB93C7 /* ANImageBitmapRep.m in Sources */,
				D8B1195F17386C7000AB93C7 /* BitmapContextRep.m in Sources */,
				D8B1196017386C7000AB93C7 /* NSImage+ANImageBitmapRep.m in Sources */,
				D8B1196117386C7000AB93C7 /* OSCommonImage.m in Sources */,
				D8B1196217386C7000AB93C7 /* UIImage+ANImageBitmapRep.m in Sources */,
				D8B1196317386C7000AB93C7 /* CGContextCreator.m in Sources */,
				D8B1196417386C7000AB93C7 /* CGImageContainer.m in Sources */,
				D8B1196517386C7000AB93C7 /* BitmapContextManipulator.m in Sources */,
				D8B1196617386C7000AB93C7 /* BitmapCropManipulator.m in Sources */,
				D8B1196717386C7000AB93C7 /* BitmapDrawManipulator.m in Sources */,
				D8B1196817386C7000AB93C7 /* BitmapRotationManipulator.m in Sources */,
				D8B1196917386C7000AB93C7 /* BitmapScaleManipulator.m in Sources */,
				D8B1196A17386C7000AB93C7 /* BGRSLoupeLayer.m in Sources */,
				D8B1196B17386C7000AB93C7 /* RSBrightnessSlider.m in Sources */,
				D8B1196C17386C7000AB93C7 /* RSColorFunctions.m in Sources */,
				D8B1196D17386C7000AB93C7 /* RSColorPickerView.m in Sources */,
				D8B1196E17386C7000AB93C7 /* RSSelectionView.m in Sources */,
				D8B11A4F1738761300AB93C7 /* NLManipulateColorViewController.m in Sources */,
				D8DF26A2173EEBAD00EC9936 /* NLNailPolish.m in Sources */,
				D8D30D971740401C00C1460F /* NLPolishInfoViewController.m in Sources */,
			);
			runOnlyForDeploymentPostprocessing = 0;
		};
/* End PBXSourcesBuildPhase section */

/* Begin PBXVariantGroup section */
		D8AB61CE17330476001FE4F5 /* InfoPlist.strings */ = {
			isa = PBXVariantGroup;
			children = (
				D8AB61CF17330476001FE4F5 /* en */,
			);
			name = InfoPlist.strings;
			sourceTree = "<group>";
		};
		D8AB61DD17330476001FE4F5 /* MainStoryboard.storyboard */ = {
			isa = PBXVariantGroup;
			children = (
				D8AB61DE17330476001FE4F5 /* en */,
			);
			name = MainStoryboard.storyboard;
			sourceTree = "<group>";
		};
/* End PBXVariantGroup section */

/* Begin XCBuildConfiguration section */
		D8AB61E317330476001FE4F5 /* Debug */ = {
			isa = XCBuildConfiguration;
			buildSettings = {
				ALWAYS_SEARCH_USER_PATHS = NO;
				CLANG_CXX_LANGUAGE_STANDARD = "gnu++0x";
				CLANG_CXX_LIBRARY = "libc++";
				CLANG_ENABLE_OBJC_ARC = YES;
				CLANG_WARN_CONSTANT_CONVERSION = YES;
				CLANG_WARN_EMPTY_BODY = YES;
				CLANG_WARN_ENUM_CONVERSION = YES;
				CLANG_WARN_INT_CONVERSION = YES;
				CLANG_WARN__DUPLICATE_METHOD_MATCH = YES;
				"CODE_SIGN_IDENTITY[sdk=iphoneos*]" = "iPhone Developer";
				COPY_PHASE_STRIP = NO;
				GCC_C_LANGUAGE_STANDARD = gnu99;
				GCC_DYNAMIC_NO_PIC = NO;
				GCC_OPTIMIZATION_LEVEL = 0;
				GCC_PREPROCESSOR_DEFINITIONS = (
					"DEBUG=1",
					"$(inherited)",
				);
				GCC_SYMBOLS_PRIVATE_EXTERN = NO;
				GCC_WARN_ABOUT_RETURN_TYPE = YES;
				GCC_WARN_UNINITIALIZED_AUTOS = YES;
				GCC_WARN_UNUSED_VARIABLE = YES;
				IPHONEOS_DEPLOYMENT_TARGET = 6.1;
				ONLY_ACTIVE_ARCH = YES;
				SDKROOT = iphoneos;
			};
			name = Debug;
		};
		D8AB61E417330476001FE4F5 /* Release */ = {
			isa = XCBuildConfiguration;
			buildSettings = {
				ALWAYS_SEARCH_USER_PATHS = NO;
				CLANG_CXX_LANGUAGE_STANDARD = "gnu++0x";
				CLANG_CXX_LIBRARY = "libc++";
				CLANG_ENABLE_OBJC_ARC = YES;
				CLANG_WARN_CONSTANT_CONVERSION = YES;
				CLANG_WARN_EMPTY_BODY = YES;
				CLANG_WARN_ENUM_CONVERSION = YES;
				CLANG_WARN_INT_CONVERSION = YES;
				CLANG_WARN__DUPLICATE_METHOD_MATCH = YES;
				"CODE_SIGN_IDENTITY[sdk=iphoneos*]" = "iPhone Developer";
				COPY_PHASE_STRIP = YES;
				GCC_C_LANGUAGE_STANDARD = gnu99;
				GCC_WARN_ABOUT_RETURN_TYPE = YES;
				GCC_WARN_UNINITIALIZED_AUTOS = YES;
				GCC_WARN_UNUSED_VARIABLE = YES;
				IPHONEOS_DEPLOYMENT_TARGET = 6.1;
				OTHER_CFLAGS = "-DNS_BLOCK_ASSERTIONS=1";
				SDKROOT = iphoneos;
				VALIDATE_PRODUCT = YES;
			};
			name = Release;
		};
		D8AB61E617330476001FE4F5 /* Debug */ = {
			isa = XCBuildConfiguration;
			buildSettings = {
				GCC_PRECOMPILE_PREFIX_HEADER = YES;
				GCC_PREFIX_HEADER = "colorMatch/colorMatch-Prefix.pch";
				INFOPLIST_FILE = "colorMatch/colorMatch-Info.plist";
				PRODUCT_NAME = "$(TARGET_NAME)";
				WRAPPER_EXTENSION = app;
			};
			name = Debug;
		};
		D8AB61E717330476001FE4F5 /* Release */ = {
			isa = XCBuildConfiguration;
			buildSettings = {
				GCC_PRECOMPILE_PREFIX_HEADER = YES;
				GCC_PREFIX_HEADER = "colorMatch/colorMatch-Prefix.pch";
				INFOPLIST_FILE = "colorMatch/colorMatch-Info.plist";
				PRODUCT_NAME = "$(TARGET_NAME)";
				WRAPPER_EXTENSION = app;
			};
			name = Release;
		};
/* End XCBuildConfiguration section */

/* Begin XCConfigurationList section */
		D8AB61BD17330476001FE4F5 /* Build configuration list for PBXProject "colorMatch" */ = {
			isa = XCConfigurationList;
			buildConfigurations = (
				D8AB61E317330476001FE4F5 /* Debug */,
				D8AB61E417330476001FE4F5 /* Release */,
			);
			defaultConfigurationIsVisible = 0;
			defaultConfigurationName = Release;
		};
		D8AB61E517330476001FE4F5 /* Build configuration list for PBXNativeTarget "colorMatch" */ = {
			isa = XCConfigurationList;
			buildConfigurations = (
				D8AB61E617330476001FE4F5 /* Debug */,
				D8AB61E717330476001FE4F5 /* Release */,
			);
			defaultConfigurationIsVisible = 0;
			defaultConfigurationName = Release;
		};
/* End XCConfigurationList section */
	};
	rootObject = D8AB61BA17330476001FE4F5 /* Project object */;
}
